
Microsoft Visual Studio Solution File, Format Version 12.00
# Visual Studio Version 17
VisualStudioVersion = 17.5.002.0
MinimumVisualStudioVersion = 10.0.40219.1
Project("{9A19103F-16F7-4668-BE54-9A1E7A4F7556}") = "DesafioProjetoHospedagem", "DesafioProjetoHospedagem.csproj", "{1CBE6117-CECC-485F-A707-220DB3D2F956}"
EndProject
Global
	GlobalSection(SolutionConfigurationPlatforms) = preSolution
		Debug|Any CPU = Debug|Any CPU
		Release|Any CPU = Release|Any CPU
	EndGlobalSection
	GlobalSection(ProjectConfigurationPlatforms) = postSolution
		{1CBE6117-CECC-485F-A707-220DB3D2F956}.Debug|Any CPU.ActiveCfg = Debug|Any CPU
		{1CBE6117-CECC-485F-A707-220DB3D2F956}.Debug|Any CPU.Build.0 = Debug|Any CPU
		{1CBE6117-CECC-485F-A707-220DB3D2F956}.Release|Any CPU.ActiveCfg = Release|Any CPU
		{1CBE6117-CECC-485F-A707-220DB3D2F956}.Release|Any CPU.Build.0 = Release|Any CPU
	EndGlobalSection
	GlobalSection(SolutionProperties) = preSolution
		HideSolutionNode = FALSE
	EndGlobalSection
	GlobalSection(ExtensibilityGlobals) = postSolution
		SolutionGuid = {8E7ED4A3-06B5-4F37-B276-A484E0800084}
	EndGlobalSection
EndGlobal
